// !$*UTF8*$!
{
	archiveVersion = 1;
	classes = {
	};
	objectVersion = 56;
	objects = {

/* Begin PBXBuildFile section */
		45A33B722AED389E00379A8D /* AppDelegate.swift in Sources */ = {isa = PBXBuildFile; fileRef = 45A33B712AED389E00379A8D /* AppDelegate.swift */; };
		45A33B742AED389E00379A8D /* SceneDelegate.swift in Sources */ = {isa = PBXBuildFile; fileRef = 45A33B732AED389E00379A8D /* SceneDelegate.swift */; };
		45A33B762AED389E00379A8D /* ViewController.swift in Sources */ = {isa = PBXBuildFile; fileRef = 45A33B752AED389E00379A8D /* ViewController.swift */; };
		45A33B792AED389E00379A8D /* Main.storyboard in Resources */ = {isa = PBXBuildFile; fileRef = 45A33B772AED389E00379A8D /* Main.storyboard */; };
		45A33B7B2AED389F00379A8D /* Assets.xcassets in Resources */ = {isa = PBXBuildFile; fileRef = 45A33B7A2AED389F00379A8D /* Assets.xcassets */; };
		45A33B7E2AED389F00379A8D /* LaunchScreen.storyboard in Resources */ = {isa = PBXBuildFile; fileRef = 45A33B7C2AED389F00379A8D /* LaunchScreen.storyboard */; };
		45A33B892AED389F00379A8D /* Catch_the_Spidy_GameTests.swift in Sources */ = {isa = PBXBuildFile; fileRef = 45A33B882AED389F00379A8D /* Catch_the_Spidy_GameTests.swift */; };
		45A33B932AED389F00379A8D /* Catch_the_Spidy_GameUITests.swift in Sources */ = {isa = PBXBuildFile; fileRef = 45A33B922AED389F00379A8D /* Catch_the_Spidy_GameUITests.swift */; };
		45A33B952AED389F00379A8D /* Catch_the_Spidy_GameUITestsLaunchTests.swift in Sources */ = {isa = PBXBuildFile; fileRef = 45A33B942AED389F00379A8D /* Catch_the_Spidy_GameUITestsLaunchTests.swift */; };
/* End PBXBuildFile section */

/* Begin PBXContainerItemProxy section */
		45A33B852AED389F00379A8D /* PBXContainerItemProxy */ = {
			isa = PBXContainerItemProxy;
			containerPortal = 45A33B662AED389E00379A8D /* Project object */;
			proxyType = 1;
			remoteGlobalIDString = 45A33B6D2AED389E00379A8D;
			remoteInfo = "Catch the Spidy Game";
		};
		45A33B8F2AED389F00379A8D /* PBXContainerItemProxy */ = {
			isa = PBXContainerItemProxy;
			containerPortal = 45A33B662AED389E00379A8D /* Project object */;
			proxyType = 1;
			remoteGlobalIDString = 45A33B6D2AED389E00379A8D;
			remoteInfo = "Catch the Spidy Game";
		};
/* End PBXContainerItemProxy section */

/* Begin PBXFileReference section */
		45A33B6E2AED389E00379A8D /* Catch the Spidy Game.app */ = {isa = PBXFileReference; explicitFileType = wrapper.application; includeInIndex = 0; path = "Catch the Spidy Game.app"; sourceTree = BUILT_PRODUCTS_DIR; };
		45A33B712AED389E00379A8D /* AppDelegate.swift */ = {isa = PBXFileReference; lastKnownFileType = sourcecode.swift; path = AppDelegate.swift; sourceTree = "<group>"; };
		45A33B732AED389E00379A8D /* SceneDelegate.swift */ = {isa = PBXFileReference; lastKnownFileType = sourcecode.swift; path = SceneDelegate.swift; sourceTree = "<group>"; };
		45A33B752AED389E00379A8D /* ViewController.swift */ = {isa = PBXFileReference; lastKnownFileType = sourcecode.swift; path = ViewController.swift; sourceTree = "<group>"; };
		45A33B782AED389E00379A8D /* Base */ = {isa = PBXFileReference; lastKnownFileType = file.storyboard; name = Base; path = Base.lproj/Main.storyboard; sourceTree = "<group>"; };
		45A33B7A2AED389F00379A8D /* Assets.xcassets */ = {isa = PBXFileReference; lastKnownFileType = folder.assetcatalog; path = Assets.xcassets; sourceTree = "<group>"; };
		45A33B7D2AED389F00379A8D /* Base */ = {isa = PBXFileReference; lastKnownFileType = file.storyboard; name = Base; path = Base.lproj/LaunchScreen.storyboard; sourceTree = "<group>"; };
		45A33B7F2AED389F00379A8D /* Info.plist */ = {isa = PBXFileReference; lastKnownFileType = text.plist.xml; path = Info.plist; sourceTree = "<group>"; };
		45A33B842AED389F00379A8D /* Catch the Spidy GameTests.xctest */ = {isa = PBXFileReference; explicitFileType = wrapper.cfbundle; includeInIndex = 0; path = "Catch the Spidy GameTests.xctest"; sourceTree = BUILT_PRODUCTS_DIR; };
		45A33B882AED389F00379A8D /* Catch_the_Spidy_GameTests.swift */ = {isa = PBXFileReference; lastKnownFileType = sourcecode.swift; path = Catch_the_Spidy_GameTests.swift; sourceTree = "<group>"; };
		45A33B8E2AED389F00379A8D /* Catch the Spidy GameUITests.xctest */ = {isa = PBXFileReference; explicitFileType = wrapper.cfbundle; includeInIndex = 0; path = "Catch the Spidy GameUITests.xctest"; sourceTree = BUILT_PRODUCTS_DIR; };
		45A33B922AED389F00379A8D /* Catch_the_Spidy_GameUITests.swift */ = {isa = PBXFileReference; lastKnownFileType = sourcecode.swift; path = Catch_the_Spidy_GameUITests.swift; sourceTree = "<group>"; };
		45A33B942AED389F00379A8D /* Catch_the_Spidy_GameUITestsLaunchTests.swift */ = {isa = PBXFileReference; lastKnownFileType = sourcecode.swift; path = Catch_the_Spidy_GameUITestsLaunchTests.swift; sourceTree = "<group>"; };
/* End PBXFileReference section */

/* Begin PBXFrameworksBuildPhase section */
		45A33B6B2AED389E00379A8D /* Frameworks */ = {
			isa = PBXFrameworksBuildPhase;
			buildActionMask = 2147483647;
			files = (
			);
			runOnlyForDeploymentPostprocessing = 0;
		};
		45A33B812AED389F00379A8D /* Frameworks */ = {
			isa = PBXFrameworksBuildPhase;
			buildActionMask = 2147483647;
			files = (
			);
			runOnlyForDeploymentPostprocessing = 0;
		};
		45A33B8B2AED389F00379A8D /* Frameworks */ = {
			isa = PBXFrameworksBuildPhase;
			buildActionMask = 2147483647;
			files = (
			);
			runOnlyForDeploymentPostprocessing = 0;
		};
/* End PBXFrameworksBuildPhase section */

/* Begin PBXGroup section */
		45A33B652AED389E00379A8D = {
			isa = PBXGroup;
			children = (
				45A33B702AED389E00379A8D /* Catch the Spidy Game */,
				45A33B872AED389F00379A8D /* Catch the Spidy GameTests */,
				45A33B912AED389F00379A8D /* Catch the Spidy GameUITests */,
				45A33B6F2AED389E00379A8D /* Products */,
			);
			sourceTree = "<group>";
		};
		45A33B6F2AED389E00379A8D /* Products */ = {
			isa = PBXGroup;
			children = (
				45A33B6E2AED389E00379A8D /* Catch the Spidy Game.app */,
				45A33B842AED389F00379A8D /* Catch the Spidy GameTests.xctest */,
				45A33B8E2AED389F00379A8D /* Catch the Spidy GameUITests.xctest */,
			);
			name = Products;
			sourceTree = "<group>";
		};
		45A33B702AED389E00379A8D /* Catch the Spidy Game */ = {
			isa = PBXGroup;
			children = (
				45A33B712AED389E00379A8D /* AppDelegate.swift */,
				45A33B732AED389E00379A8D /* SceneDelegate.swift */,
				45A33B752AED389E00379A8D /* ViewController.swift */,
				45A33B772AED389E00379A8D /* Main.storyboard */,
				45A33B7A2AED389F00379A8D /* Assets.xcassets */,
				45A33B7C2AED389F00379A8D /* LaunchScreen.storyboard */,
				45A33B7F2AED389F00379A8D /* Info.plist */,
			);
			path = "Catch the Spidy Game";
			sourceTree = "<group>";
		};
		45A33B872AED389F00379A8D /* Catch the Spidy GameTests */ = {
			isa = PBXGroup;
			children = (
				45A33B882AED389F00379A8D /* Catch_the_Spidy_GameTests.swift */,
			);
			path = "Catch the Spidy GameTests";
			sourceTree = "<group>";
		};
		45A33B912AED389F00379A8D /* Catch the Spidy GameUITests */ = {
			isa = PBXGroup;
			children = (
				45A33B922AED389F00379A8D /* Catch_the_Spidy_GameUITests.swift */,
				45A33B942AED389F00379A8D /* Catch_the_Spidy_GameUITestsLaunchTests.swift */,
			);
			path = "Catch the Spidy GameUITests";
			sourceTree = "<group>";
		};
/* End PBXGroup section */

/* Begin PBXNativeTarget section */
		45A33B6D2AED389E00379A8D /* Catch the Spidy Game */ = {
			isa = PBXNativeTarget;
			buildConfigurationList = 45A33B982AED389F00379A8D /* Build configuration list for PBXNativeTarget "Catch the Spidy Game" */;
			buildPhases = (
				45A33B6A2AED389E00379A8D /* Sources */,
				45A33B6B2AED389E00379A8D /* Frameworks */,
				45A33B6C2AED389E00379A8D /* Resources */,
			);
			buildRules = (
			);
			dependencies = (
			);
			name = "Catch the Spidy Game";
			productName = "Catch the Spidy Game";
			productReference = 45A33B6E2AED389E00379A8D /* Catch the Spidy Game.app */;
			productType = "com.apple.product-type.application";
		};
		45A33B832AED389F00379A8D /* Catch the Spidy GameTests */ = {
			isa = PBXNativeTarget;
			buildConfigurationList = 45A33B9B2AED389F00379A8D /* Build configuration list for PBXNativeTarget "Catch the Spidy GameTests" */;
			buildPhases = (
				45A33B802AED389F00379A8D /* Sources */,
				45A33B812AED389F00379A8D /* Frameworks */,
				45A33B822AED389F00379A8D /* Resources */,
			);
			buildRules = (
			);
			dependencies = (
				45A33B862AED389F00379A8D /* PBXTargetDependency */,
			);
			name = "Catch the Spidy GameTests";
			productName = "Catch the Spidy GameTests";
			productReference = 45A33B842AED389F00379A8D /* Catch the Spidy GameTests.xctest */;
			productType = "com.apple.product-type.bundle.unit-test";
		};
		45A33B8D2AED389F00379A8D /* Catch the Spidy GameUITests */ = {
			isa = PBXNativeTarget;
			buildConfigurationList = 45A33B9E2AED389F00379A8D /* Build configuration list for PBXNativeTarget "Catch the Spidy GameUITests" */;
			buildPhases = (
				45A33B8A2AED389F00379A8D /* Sources */,
				45A33B8B2AED389F00379A8D /* Frameworks */,
				45A33B8C2AED389F00379A8D /* Resources */,
			);
			buildRules = (
			);
			dependencies = (
				45A33B902AED389F00379A8D /* PBXTargetDependency */,
			);
			name = "Catch the Spidy GameUITests";
			productName = "Catch the Spidy GameUITests";
			productReference = 45A33B8E2AED389F00379A8D /* Catch the Spidy GameUITests.xctest */;
			productType = "com.apple.product-type.bundle.ui-testing";
		};
/* End PBXNativeTarget section */

/* Begin PBXProject section */
		45A33B662AED389E00379A8D /* Project object */ = {
			isa = PBXProject;
			attributes = {
				BuildIndependentTargetsInParallel = 1;
				LastSwiftUpdateCheck = 1500;
				LastUpgradeCheck = 1500;
				TargetAttributes = {
					45A33B6D2AED389E00379A8D = {
						CreatedOnToolsVersion = 15.0.1;
					};
					45A33B832AED389F00379A8D = {
						CreatedOnToolsVersion = 15.0.1;
						TestTargetID = 45A33B6D2AED389E00379A8D;
					};
					45A33B8D2AED389F00379A8D = {
						CreatedOnToolsVersion = 15.0.1;
						TestTargetID = 45A33B6D2AED389E00379A8D;
					};
				};
			};
			buildConfigurationList = 45A33B692AED389E00379A8D /* Build configuration list for PBXProject "Catch the Spidy Game" */;
			compatibilityVersion = "Xcode 14.0";
			developmentRegion = en;
			hasScannedForEncodings = 0;
			knownRegions = (
				en,
				Base,
			);
			mainGroup = 45A33B652AED389E00379A8D;
			productRefGroup = 45A33B6F2AED389E00379A8D /* Products */;
			projectDirPath = "";
			projectRoot = "";
			targets = (
				45A33B6D2AED389E00379A8D /* Catch the Spidy Game */,
				45A33B832AED389F00379A8D /* Catch the Spidy GameTests */,
				45A33B8D2AED389F00379A8D /* Catch the Spidy GameUITests */,
			);
		};
/* End PBXProject section */

/* Begin PBXResourcesBuildPhase section */
		45A33B6C2AED389E00379A8D /* Resources */ = {
			isa = PBXResourcesBuildPhase;
			buildActionMask = 2147483647;
			files = (
				45A33B7E2AED389F00379A8D /* LaunchScreen.storyboard in Resources */,
				45A33B7B2AED389F00379A8D /* Assets.xcassets in Resources */,
				45A33B792AED389E00379A8D /* Main.storyboard in Resources */,
			);
			runOnlyForDeploymentPostprocessing = 0;
		};
		45A33B822AED389F00379A8D /* Resources */ = {
			isa = PBXResourcesBuildPhase;
			buildActionMask = 2147483647;
			files = (
			);
			runOnlyForDeploymentPostprocessing = 0;
		};
		45A33B8C2AED389F00379A8D /* Resources */ = {
			isa = PBXResourcesBuildPhase;
			buildActionMask = 2147483647;
			files = (
			);
			runOnlyForDeploymentPostprocessing = 0;
		};
/* End PBXResourcesBuildPhase section */

/* Begin PBXSourcesBuildPhase section */
		45A33B6A2AED389E00379A8D /* Sources */ = {
			isa = PBXSourcesBuildPhase;
			buildActionMask = 2147483647;
			files = (
				45A33B762AED389E00379A8D /* ViewController.swift in Sources */,
				45A33B722AED389E00379A8D /* AppDelegate.swift in Sources */,
				45A33B742AED389E00379A8D /* SceneDelegate.swift in Sources */,
			);
			runOnlyForDeploymentPostprocessing = 0;
		};
		45A33B802AED389F00379A8D /* Sources */ = {
			isa = PBXSourcesBuildPhase;
			buildActionMask = 2147483647;
			files = (
				45A33B892AED389F00379A8D /* Catch_the_Spidy_GameTests.swift in Sources */,
			);
			runOnlyForDeploymentPostprocessing = 0;
		};
		45A33B8A2AED389F00379A8D /* Sources */ = {
			isa = PBXSourcesBuildPhase;
			buildActionMask = 2147483647;
			files = (
				45A33B952AED389F00379A8D /* Catch_the_Spidy_GameUITestsLaunchTests.swift in Sources */,
				45A33B932AED389F00379A8D /* Catch_the_Spidy_GameUITests.swift in Sources */,
			);
			runOnlyForDeploymentPostprocessing = 0;
		};
/* End PBXSourcesBuildPhase section */

/* Begin PBXTargetDependency section */
		45A33B862AED389F00379A8D /* PBXTargetDependency */ = {
			isa = PBXTargetDependency;
			target = 45A33B6D2AED389E00379A8D /* Catch the Spidy Game */;
			targetProxy = 45A33B852AED389F00379A8D /* PBXContainerItemProxy */;
		};
		45A33B902AED389F00379A8D /* PBXTargetDependency */ = {
			isa = PBXTargetDependency;
			target = 45A33B6D2AED389E00379A8D /* Catch the Spidy Game */;
			targetProxy = 45A33B8F2AED389F00379A8D /* PBXContainerItemProxy */;
		};
/* End PBXTargetDependency section */

/* Begin PBXVariantGroup section */
		45A33B772AED389E00379A8D /* Main.storyboard */ = {
			isa = PBXVariantGroup;
			children = (
				45A33B782AED389E00379A8D /* Base */,
			);
			name = Main.storyboard;
			sourceTree = "<group>";
		};
		45A33B7C2AED389F00379A8D /* LaunchScreen.storyboard */ = {
			isa = PBXVariantGroup;
			children = (
				45A33B7D2AED389F00379A8D /* Base */,
			);
			name = LaunchScreen.storyboard;
			sourceTree = "<group>";
		};
/* End PBXVariantGroup section */

/* Begin XCBuildConfiguration section */
		45A33B962AED389F00379A8D /* Debug */ = {
			isa = XCBuildConfiguration;
			buildSettings = {
				ALWAYS_SEARCH_USER_PATHS = NO;
				ASSETCATALOG_COMPILER_GENERATE_SWIFT_ASSET_SYMBOL_EXTENSIONS = YES;
				CLANG_ANALYZER_NONNULL = YES;
				CLANG_ANALYZER_NUMBER_OBJECT_CONVERSION = YES_AGGRESSIVE;
				CLANG_CXX_LANGUAGE_STANDARD = "gnu++20";
				CLANG_ENABLE_MODULES = YES;
				CLANG_ENABLE_OBJC_ARC = YES;
				CLANG_ENABLE_OBJC_WEAK = YES;
				CLANG_WARN_BLOCK_CAPTURE_AUTORELEASING = YES;
				CLANG_WARN_BOOL_CONVERSION = YES;
				CLANG_WARN_COMMA = YES;
				CLANG_WARN_CONSTANT_CONVERSION = YES;
				CLANG_WARN_DEPRECATED_OBJC_IMPLEMENTATIONS = YES;
				CLANG_WARN_DIRECT_OBJC_ISA_USAGE = YES_ERROR;
				CLANG_WARN_DOCUMENTATION_COMMENTS = YES;
				CLANG_WARN_EMPTY_BODY = YES;
				CLANG_WARN_ENUM_CONVERSION = YES;
				CLANG_WARN_INFINITE_RECURSION = YES;
				CLANG_WARN_INT_CONVERSION = YES;
				CLANG_WARN_NON_LITERAL_NULL_CONVERSION = YES;
				CLANG_WARN_OBJC_IMPLICIT_RETAIN_SELF = YES;
				CLANG_WARN_OBJC_LITERAL_CONVERSION = YES;
				CLANG_WARN_OBJC_ROOT_CLASS = YES_ERROR;
				CLANG_WARN_QUOTED_INCLUDE_IN_FRAMEWORK_HEADER = YES;
				CLANG_WARN_RANGE_LOOP_ANALYSIS = YES;
				CLANG_WARN_STRICT_PROTOTYPES = YES;
				CLANG_WARN_SUSPICIOUS_MOVE = YES;
				CLANG_WARN_UNGUARDED_AVAILABILITY = YES_AGGRESSIVE;
				CLANG_WARN_UNREACHABLE_CODE = YES;
				CLANG_WARN__DUPLICATE_METHOD_MATCH = YES;
				COPY_PHASE_STRIP = NO;
				DEBUG_INFORMATION_FORMAT = dwarf;
				ENABLE_STRICT_OBJC_MSGSEND = YES;
				ENABLE_TESTABILITY = YES;
				ENABLE_USER_SCRIPT_SANDBOXING = YES;
				GCC_C_LANGUAGE_STANDARD = gnu17;
				GCC_DYNAMIC_NO_PIC = NO;
				GCC_NO_COMMON_BLOCKS = YES;
				GCC_OPTIMIZATION_LEVEL = 0;
				GCC_PREPROCESSOR_DEFINITIONS = (
					"DEBUG=1",
					"$(inherited)",
				);
				GCC_WARN_64_TO_32_BIT_CONVERSION = YES;
				GCC_WARN_ABOUT_RETURN_TYPE = YES_ERROR;
				GCC_WARN_UNDECLARED_SELECTOR = YES;
				GCC_WARN_UNINITIALIZED_AUTOS = YES_AGGRESSIVE;
				GCC_WARN_UNUSED_FUNCTION = YES;
				GCC_WARN_UNUSED_VARIABLE = YES;
				IPHONEOS_DEPLOYMENT_TARGET = 17.0;
				LOCALIZATION_PREFERS_STRING_CATALOGS = YES;
				MTL_ENABLE_DEBUG_INFO = INCLUDE_SOURCE;
				MTL_FAST_MATH = YES;
				ONLY_ACTIVE_ARCH = YES;
				SDKROOT = iphoneos;
				SWIFT_ACTIVE_COMPILATION_CONDITIONS = "DEBUG $(inherited)";
				SWIFT_OPTIMIZATION_LEVEL = "-Onone";
			};
			name = Debug;
		};
		45A33B972AED389F00379A8D /* Release */ = {
			isa = XCBuildConfiguration;
			buildSettings = {
				ALWAYS_SEARCH_USER_PATHS = NO;
				ASSETCATALOG_COMPILER_GENERATE_SWIFT_ASSET_SYMBOL_EXTENSIONS = YES;
				CLANG_ANALYZER_NONNULL = YES;
				CLANG_ANALYZER_NUMBER_OBJECT_CONVERSION = YES_AGGRESSIVE;
				CLANG_CXX_LANGUAGE_STANDARD = "gnu++20";
				CLANG_ENABLE_MODULES = YES;
				CLANG_ENABLE_OBJC_ARC = YES;
				CLANG_ENABLE_OBJC_WEAK = YES;
				CLANG_WARN_BLOCK_CAPTURE_AUTORELEASING = YES;
				CLANG_WARN_BOOL_CONVERSION = YES;
				CLANG_WARN_COMMA = YES;
				CLANG_WARN_CONSTANT_CONVERSION = YES;
				CLANG_WARN_DEPRECATED_OBJC_IMPLEMENTATIONS = YES;
				CLANG_WARN_DIRECT_OBJC_ISA_USAGE = YES_ERROR;
				CLANG_WARN_DOCUMENTATION_COMMENTS = YES;
				CLANG_WARN_EMPTY_BODY = YES;
				CLANG_WARN_ENUM_CONVERSION = YES;
				CLANG_WARN_INFINITE_RECURSION = YES;
				CLANG_WARN_INT_CONVERSION = YES;
				CLANG_WARN_NON_LITERAL_NULL_CONVERSION = YES;
				CLANG_WARN_OBJC_IMPLICIT_RETAIN_SELF = YES;
				CLANG_WARN_OBJC_LITERAL_CONVERSION = YES;
				CLANG_WARN_OBJC_ROOT_CLASS = YES_ERROR;
				CLANG_WARN_QUOTED_INCLUDE_IN_FRAMEWORK_HEADER = YES;
				CLANG_WARN_RANGE_LOOP_ANALYSIS = YES;
				CLANG_WARN_STRICT_PROTOTYPES = YES;
				CLANG_WARN_SUSPICIOUS_MOVE = YES;
				CLANG_WARN_UNGUARDED_AVAILABILITY = YES_AGGRESSIVE;
				CLANG_WARN_UNREACHABLE_CODE = YES;
				CLANG_WARN__DUPLICATE_METHOD_MATCH = YES;
				COPY_PHASE_STRIP = NO;
				DEBUG_INFORMATION_FORMAT = "dwarf-with-dsym";
				ENABLE_NS_ASSERTIONS = NO;
				ENABLE_STRICT_OBJC_MSGSEND = YES;
				ENABLE_USER_SCRIPT_SANDBOXING = YES;
				GCC_C_LANGUAGE_STANDARD = gnu17;
				GCC_NO_COMMON_BLOCKS = YES;
				GCC_WARN_64_TO_32_BIT_CONVERSION = YES;
				GCC_WARN_ABOUT_RETURN_TYPE = YES_ERROR;
				GCC_WARN_UNDECLARED_SELECTOR = YES;
				GCC_WARN_UNINITIALIZED_AUTOS = YES_AGGRESSIVE;
				GCC_WARN_UNUSED_FUNCTION = YES;
				GCC_WARN_UNUSED_VARIABLE = YES;
				IPHONEOS_DEPLOYMENT_TARGET = 17.0;
				LOCALIZATION_PREFERS_STRING_CATALOGS = YES;
				MTL_ENABLE_DEBUG_INFO = NO;
				MTL_FAST_MATH = YES;
				SDKROOT = iphoneos;
				SWIFT_COMPILATION_MODE = wholemodule;
				VALIDATE_PRODUCT = YES;
			};
			name = Release;
		};
		45A33B992AED389F00379A8D /* Debug */ = {
			isa = XCBuildConfiguration;
			buildSettings = {
				ASSETCATALOG_COMPILER_APPICON_NAME = AppIcon;
				ASSETCATALOG_COMPILER_GLOBAL_ACCENT_COLOR_NAME = AccentColor;
				CODE_SIGN_STYLE = Automatic;
				CURRENT_PROJECT_VERSION = 1;
				DEVELOPMENT_TEAM = 75RPJYM6U7;
				GENERATE_INFOPLIST_FILE = YES;
				INFOPLIST_FILE = "Catch the Spidy Game/Info.plist";
				INFOPLIST_KEY_UIApplicationSupportsIndirectInputEvents = YES;
				INFOPLIST_KEY_UILaunchStoryboardName = LaunchScreen;
				INFOPLIST_KEY_UIMainStoryboardFile = Main;
				INFOPLIST_KEY_UISupportedInterfaceOrientations_iPad = "UIInterfaceOrientationPortrait UIInterfaceOrientationPortraitUpsideDown UIInterfaceOrientationLandscapeLeft UIInterfaceOrientationLandscapeRight";
				INFOPLIST_KEY_UISupportedInterfaceOrientations_iPhone = "UIInterfaceOrientationPortrait UIInterfaceOrientationLandscapeLeft UIInterfaceOrientationLandscapeRight";
				LD_RUNPATH_SEARCH_PATHS = (
					"$(inherited)",
					"@executable_path/Frameworks",
				);
				MARKETING_VERSION = 1.0;
				PRODUCT_BUNDLE_IDENTIFIER = "com.sagar.Catch-the-Spidy-Game";
				PRODUCT_NAME = "$(TARGET_NAME)";
				SWIFT_EMIT_LOC_STRINGS = YES;
				SWIFT_VERSION = 5.0;
				TARGETED_DEVICE_FAMILY = "1,2";
			};
			name = Debug;
		};
		45A33B9A2AED389F00379A8D /* Release */ = {
			isa = XCBuildConfiguration;
			buildSettings = {
				ASSETCATALOG_COMPILER_APPICON_NAME = AppIcon;
				ASSETCATALOG_COMPILER_GLOBAL_ACCENT_COLOR_NAME = AccentColor;
				CODE_SIGN_STYLE = Automatic;
				CURRENT_PROJECT_VERSION = 1;
				DEVELOPMENT_TEAM = 75RPJYM6U7;
				GENERATE_INFOPLIST_FILE = YES;
				INFOPLIST_FILE = "Catch the Spidy Game/Info.plist";
				INFOPLIST_KEY_UIApplicationSupportsIndirectInputEvents = YES;
				INFOPLIST_KEY_UILaunchStoryboardName = LaunchScreen;
				INFOPLIST_KEY_UIMainStoryboardFile = Main;
				INFOPLIST_KEY_UISupportedInterfaceOrientations_iPad = "UIInterfaceOrientationPortrait UIInterfaceOrientationPortraitUpsideDown UIInterfaceOrientationLandscapeLeft UIInterfaceOrientationLandscapeRight";
				INFOPLIST_KEY_UISupportedInterfaceOrientations_iPhone = "UIInterfaceOrientationPortrait UIInterfaceOrientationLandscapeLeft UIInterfaceOrientationLandscapeRight";
				LD_RUNPATH_SEARCH_PATHS = (
					"$(inherited)",
					"@executable_path/Frameworks",
				);
				MARKETING_VERSION = 1.0;
				PRODUCT_BUNDLE_IDENTIFIER = "com.sagar.Catch-the-Spidy-Game";
				PRODUCT_NAME = "$(TARGET_NAME)";
				SWIFT_EMIT_LOC_STRINGS = YES;
				SWIFT_VERSION = 5.0;
				TARGETED_DEVICE_FAMILY = "1,2";
			};
			name = Release;
		};
		45A33B9C2AED389F00379A8D /* Debug */ = {
			isa = XCBuildConfiguration;
			buildSettings = {
				ALWAYS_EMBED_SWIFT_STANDARD_LIBRARIES = YES;
				BUNDLE_LOADER = "$(TEST_HOST)";
				CODE_SIGN_STYLE = Automatic;
				CURRENT_PROJECT_VERSION = 1;
				DEVELOPMENT_TEAM = 75RPJYM6U7;
				GENERATE_INFOPLIST_FILE = YES;
				IPHONEOS_DEPLOYMENT_TARGET = 17.0;
				MARKETING_VERSION = 1.0;
				PRODUCT_BUNDLE_IDENTIFIER = "com.sagar.Catch-the-Spidy-GameTests";
				PRODUCT_NAME = "$(TARGET_NAME)";
				SWIFT_EMIT_LOC_STRINGS = NO;
				SWIFT_VERSION = 5.0;
				TARGETED_DEVICE_FAMILY = "1,2";
				TEST_HOST = "$(BUILT_PRODUCTS_DIR)/Catch the Spidy Game.app/$(BUNDLE_EXECUTABLE_FOLDER_PATH)/Catch the Spidy Game";
			};
			name = Debug;
		};
		45A33B9D2AED389F00379A8D /* Release */ = {
			isa = XCBuildConfiguration;
			buildSettings = {
				ALWAYS_EMBED_SWIFT_STANDARD_LIBRARIES = YES;
				BUNDLE_LOADER = "$(TEST_HOST)";
				CODE_SIGN_STYLE = Automatic;
				CURRENT_PROJECT_VERSION = 1;
				DEVELOPMENT_TEAM = 75RPJYM6U7;
				GENERATE_INFOPLIST_FILE = YES;
				IPHONEOS_DEPLOYMENT_TARGET = 17.0;
				MARKETING_VERSION = 1.0;
				PRODUCT_BUNDLE_IDENTIFIER = "com.sagar.Catch-the-Spidy-GameTests";
				PRODUCT_NAME = "$(TARGET_NAME)";
				SWIFT_EMIT_LOC_STRINGS = NO;
				SWIFT_VERSION = 5.0;
				TARGETED_DEVICE_FAMILY = "1,2";
				TEST_HOST = "$(BUILT_PRODUCTS_DIR)/Catch the Spidy Game.app/$(BUNDLE_EXECUTABLE_FOLDER_PATH)/Catch the Spidy Game";
			};
			name = Release;
		};
		45A33B9F2AED389F00379A8D /* Debug */ = {
			isa = XCBuildConfiguration;
			buildSettings = {
				ALWAYS_EMBED_SWIFT_STANDARD_LIBRARIES = YES;
				CODE_SIGN_STYLE = Automatic;
				CURRENT_PROJECT_VERSION = 1;
				DEVELOPMENT_TEAM = 75RPJYM6U7;
				GENERATE_INFOPLIST_FILE = YES;
				MARKETING_VERSION = 1.0;
				PRODUCT_BUNDLE_IDENTIFIER = "com.sagar.Catch-the-Spidy-GameUITests";
				PRODUCT_NAME = "$(TARGET_NAME)";
				SWIFT_EMIT_LOC_STRINGS = NO;
				SWIFT_VERSION = 5.0;
				TARGETED_DEVICE_FAMILY = "1,2";
				TEST_TARGET_NAME = "Catch the Spidy Game";
			};
			name = Debug;
		};
		45A33BA02AED389F00379A8D /* Release */ = {
			isa = XCBuildConfiguration;
			buildSettings = {
				ALWAYS_EMBED_SWIFT_STANDARD_LIBRARIES = YES;
				CODE_SIGN_STYLE = Automatic;
				CURRENT_PROJECT_VERSION = 1;
				DEVELOPMENT_TEAM = 75RPJYM6U7;
				GENERATE_INFOPLIST_FILE = YES;
				MARKETING_VERSION = 1.0;
				PRODUCT_BUNDLE_IDENTIFIER = "com.sagar.Catch-the-Spidy-GameUITests";
				PRODUCT_NAME = "$(TARGET_NAME)";
				SWIFT_EMIT_LOC_STRINGS = NO;
				SWIFT_VERSION = 5.0;
				TARGETED_DEVICE_FAMILY = "1,2";
				TEST_TARGET_NAME = "Catch the Spidy Game";
			};
			name = Release;
		};
/* End XCBuildConfiguration section */

/* Begin XCConfigurationList section */
		45A33B692AED389E00379A8D /* Build configuration list for PBXProject "Catch the Spidy Game" */ = {
			isa = XCConfigurationList;
			buildConfigurations = (
				45A33B962AED389F00379A8D /* Debug */,
				45A33B972AED389F00379A8D /* Release */,
			);
			defaultConfigurationIsVisible = 0;
			defaultConfigurationName = Release;
		};
		45A33B982AED389F00379A8D /* Build configuration list for PBXNativeTarget "Catch the Spidy Game" */ = {
			isa = XCConfigurationList;
			buildConfigurations = (
				45A33B992AED389F00379A8D /* Debug */,
				45A33B9A2AED389F00379A8D /* Release */,
			);
			defaultConfigurationIsVisible = 0;
			defaultConfigurationName = Release;
		};
		45A33B9B2AED389F00379A8D /* Build configuration list for PBXNativeTarget "Catch the Spidy GameTests" */ = {
			isa = XCConfigurationList;
			buildConfigurations = (
				45A33B9C2AED389F00379A8D /* Debug */,
				45A33B9D2AED389F00379A8D /* Release */,
			);
			defaultConfigurationIsVisible = 0;
			defaultConfigurationName = Release;
		};
		45A33B9E2AED389F00379A8D /* Build configuration list for PBXNativeTarget "Catch the Spidy GameUITests" */ = {
			isa = XCConfigurationList;
			buildConfigurations = (
				45A33B9F2AED389F00379A8D /* Debug */,
				45A33BA02AED389F00379A8D /* Release */,
			);
			defaultConfigurationIsVisible = 0;
			defaultConfigurationName = Release;
		};
/* End XCConfigurationList section */
	};
	rootObject = 45A33B662AED389E00379A8D /* Project object */;
}
